# This file is automatically @generated by Cargo.
# It is not intended for manual editing.
[[package]]
name = "dec-11"
version = "0.1.0"
dependencies = [
 "grid",
]

[[package]]
name = "grid"
version = "0.2.3"
source = "registry+https://github.com/rust-lang/crates.io-index"
checksum = "b4e29f0e1bb805d91745d2c5efb6e472cb18c7cb4dcd0c1f9de1997857737304"
